
Microsoft Visual Studio Solution File, Format Version 12.00
# Visual Studio Version 16
VisualStudioVersion = 16.0.30907.101
MinimumVisualStudioVersion = 10.0.40219.1
Project("{FAE04EC0-301F-11D3-BF4B-00C04F79EFBC}") = "GetAudioFile", "GetAudioFile\GetAudioFile.csproj", "{0BACA786-DB12-464C-9940-F4470C2EF0A4}"
EndProject
Global
	GlobalSection(SolutionConfigurationPlatforms) = preSolution
		Debug|Any CPU = Debug|Any CPU
		Release|Any CPU = Release|Any CPU
	EndGlobalSection
	GlobalSection(ProjectConfigurationPlatforms) = postSolution
		{0BACA786-DB12-464C-9940-F4470C2EF0A4}.Debug|Any CPU.ActiveCfg = Debug|Any CPU
		{0BACA786-DB12-464C-9940-F4470C2EF0A4}.Debug|Any CPU.Build.0 = Debug|Any CPU
		{0BACA786-DB12-464C-9940-F4470C2EF0A4}.Release|Any CPU.ActiveCfg = Release|Any CPU
		{0BACA786-DB12-464C-9940-F4470C2EF0A4}.Release|Any CPU.Build.0 = Release|Any CPU
	EndGlobalSection
	GlobalSection(SolutionProperties) = preSolution
		HideSolutionNode = FALSE
	EndGlobalSection
	GlobalSection(ExtensibilityGlobals) = postSolution
		SolutionGuid = {A0D94122-991B-4E3D-A6C7-4E380EBD1BF8}
	EndGlobalSection
EndGlobal
